// !$*UTF8*$!
{
	archiveVersion = 1;
	classes = {
	};
	objectVersion = 55;
	objects = {

/* Begin PBXBuildFile section */
		0685A6267D776C34FA6E289B /* Pods_ZX_Community.framework in Frameworks */ = {isa = PBXBuildFile; fileRef = B3568DA93DE667BBA56C4303 /* Pods_ZX_Community.framework */; };
		0A3B2EF498B16FFDB9F767ED /* Pods_ZX_CommunityTests.framework in Frameworks */ = {isa = PBXBuildFile; fileRef = 9B15F59A69CA0F14BD91B773 /* Pods_ZX_CommunityTests.framework */; };
		8A456C3F28F53DD0006CD67F /* AppDelegate.swift in Sources */ = {isa = PBXBuildFile; fileRef = 8A456C3E28F53DD0006CD67F /* AppDelegate.swift */; };
		8A456C4128F53DD0006CD67F /* SceneDelegate.swift in Sources */ = {isa = PBXBuildFile; fileRef = 8A456C4028F53DD0006CD67F /* SceneDelegate.swift */; };
		8A456C4328F53DD0006CD67F /* ViewController.swift in Sources */ = {isa = PBXBuildFile; fileRef = 8A456C4228F53DD0006CD67F /* ViewController.swift */; };
		8A456C4628F53DD0006CD67F /* Main.storyboard in Resources */ = {isa = PBXBuildFile; fileRef = 8A456C4428F53DD0006CD67F /* Main.storyboard */; };
		8A456C4928F53DD0006CD67F /* ZX_Community.xcdatamodeld in Sources */ = {isa = PBXBuildFile; fileRef = 8A456C4728F53DD0006CD67F /* ZX_Community.xcdatamodeld */; };
		8A456C4B28F53DD1006CD67F /* Assets.xcassets in Resources */ = {isa = PBXBuildFile; fileRef = 8A456C4A28F53DD1006CD67F /* Assets.xcassets */; };
		8A456C4E28F53DD1006CD67F /* LaunchScreen.storyboard in Resources */ = {isa = PBXBuildFile; fileRef = 8A456C4C28F53DD1006CD67F /* LaunchScreen.storyboard */; };
		8A456C5928F53DD1006CD67F /* ZX_CommunityTests.swift in Sources */ = {isa = PBXBuildFile; fileRef = 8A456C5828F53DD1006CD67F /* ZX_CommunityTests.swift */; };
		8A456C6328F53DD1006CD67F /* ZX_CommunityUITests.swift in Sources */ = {isa = PBXBuildFile; fileRef = 8A456C6228F53DD1006CD67F /* ZX_CommunityUITests.swift */; };
		8A456C6528F53DD1006CD67F /* ZX_CommunityUITestsLaunchTests.swift in Sources */ = {isa = PBXBuildFile; fileRef = 8A456C6428F53DD1006CD67F /* ZX_CommunityUITestsLaunchTests.swift */; };
		8A456C7228F5456F006CD67F /* Leah.storyboard in Resources */ = {isa = PBXBuildFile; fileRef = 8A456C7128F5456F006CD67F /* Leah.storyboard */; };
		8A456C7428F54577006CD67F /* Eric.storyboard in Resources */ = {isa = PBXBuildFile; fileRef = 8A456C7328F54577006CD67F /* Eric.storyboard */; };
		8A456C7628F5457E006CD67F /* Jun.storyboard in Resources */ = {isa = PBXBuildFile; fileRef = 8A456C7528F5457E006CD67F /* Jun.storyboard */; };
		8A456C7D28F549BA006CD67F /* CommunityMainViewController.swift in Sources */ = {isa = PBXBuildFile; fileRef = 8A456C7C28F549BA006CD67F /* CommunityMainViewController.swift */; };
		8AC40297292798A30004A250 /* LoginViewController.swift in Sources */ = {isa = PBXBuildFile; fileRef = 8AC40296292798A30004A250 /* LoginViewController.swift */; };
		8AC40299292798B40004A250 /* HomeViewController.swift in Sources */ = {isa = PBXBuildFile; fileRef = 8AC40298292798B40004A250 /* HomeViewController.swift */; };
		FFAB6701F34E7A3915382446 /* Pods_ZX_Community_ZX_CommunityUITests.framework in Frameworks */ = {isa = PBXBuildFile; fileRef = 1CCDA4F894055AB938A38C91 /* Pods_ZX_Community_ZX_CommunityUITests.framework */; };
/* End PBXBuildFile section */

/* Begin PBXContainerItemProxy section */
		8A456C5528F53DD1006CD67F /* PBXContainerItemProxy */ = {
			isa = PBXContainerItemProxy;
			containerPortal = 8A456C3328F53DD0006CD67F /* Project object */;
			proxyType = 1;
			remoteGlobalIDString = 8A456C3A28F53DD0006CD67F;
			remoteInfo = "ZX-Community";
		};
		8A456C5F28F53DD1006CD67F /* PBXContainerItemProxy */ = {
			isa = PBXContainerItemProxy;
			containerPortal = 8A456C3328F53DD0006CD67F /* Project object */;
			proxyType = 1;
			remoteGlobalIDString = 8A456C3A28F53DD0006CD67F;
			remoteInfo = "ZX-Community";
		};
/* End PBXContainerItemProxy section */

/* Begin PBXFileReference section */
		1CCDA4F894055AB938A38C91 /* Pods_ZX_Community_ZX_CommunityUITests.framework */ = {isa = PBXFileReference; explicitFileType = wrapper.framework; includeInIndex = 0; path = Pods_ZX_Community_ZX_CommunityUITests.framework; sourceTree = BUILT_PRODUCTS_DIR; };
		377CCA99777CFBAB02F61539 /* Pods-ZX-Community.debug.xcconfig */ = {isa = PBXFileReference; includeInIndex = 1; lastKnownFileType = text.xcconfig; name = "Pods-ZX-Community.debug.xcconfig"; path = "Target Support Files/Pods-ZX-Community/Pods-ZX-Community.debug.xcconfig"; sourceTree = "<group>"; };
		3C11A6B927C584213592B06F /* Pods-ZX-Community-ZX-CommunityUITests.release.xcconfig */ = {isa = PBXFileReference; includeInIndex = 1; lastKnownFileType = text.xcconfig; name = "Pods-ZX-Community-ZX-CommunityUITests.release.xcconfig"; path = "Target Support Files/Pods-ZX-Community-ZX-CommunityUITests/Pods-ZX-Community-ZX-CommunityUITests.release.xcconfig"; sourceTree = "<group>"; };
		87EFD74489EB48AF8CE16F0B /* Pods-ZX-CommunityTests.release.xcconfig */ = {isa = PBXFileReference; includeInIndex = 1; lastKnownFileType = text.xcconfig; name = "Pods-ZX-CommunityTests.release.xcconfig"; path = "Target Support Files/Pods-ZX-CommunityTests/Pods-ZX-CommunityTests.release.xcconfig"; sourceTree = "<group>"; };
		8A456C3B28F53DD0006CD67F /* ZX-Community.app */ = {isa = PBXFileReference; explicitFileType = wrapper.application; includeInIndex = 0; path = "ZX-Community.app"; sourceTree = BUILT_PRODUCTS_DIR; };
		8A456C3E28F53DD0006CD67F /* AppDelegate.swift */ = {isa = PBXFileReference; lastKnownFileType = sourcecode.swift; path = AppDelegate.swift; sourceTree = "<group>"; };
		8A456C4028F53DD0006CD67F /* SceneDelegate.swift */ = {isa = PBXFileReference; lastKnownFileType = sourcecode.swift; path = SceneDelegate.swift; sourceTree = "<group>"; };
		8A456C4228F53DD0006CD67F /* ViewController.swift */ = {isa = PBXFileReference; lastKnownFileType = sourcecode.swift; path = ViewController.swift; sourceTree = "<group>"; };
		8A456C4528F53DD0006CD67F /* Base */ = {isa = PBXFileReference; lastKnownFileType = file.storyboard; name = Base; path = Base.lproj/Main.storyboard; sourceTree = "<group>"; };
		8A456C4828F53DD0006CD67F /* ZX_Community.xcdatamodel */ = {isa = PBXFileReference; lastKnownFileType = wrapper.xcdatamodel; path = ZX_Community.xcdatamodel; sourceTree = "<group>"; };
		8A456C4A28F53DD1006CD67F /* Assets.xcassets */ = {isa = PBXFileReference; lastKnownFileType = folder.assetcatalog; path = Assets.xcassets; sourceTree = "<group>"; };
		8A456C4D28F53DD1006CD67F /* Base */ = {isa = PBXFileReference; lastKnownFileType = file.storyboard; name = Base; path = Base.lproj/LaunchScreen.storyboard; sourceTree = "<group>"; };
		8A456C4F28F53DD1006CD67F /* Info.plist */ = {isa = PBXFileReference; lastKnownFileType = text.plist.xml; path = Info.plist; sourceTree = "<group>"; };
		8A456C5428F53DD1006CD67F /* ZX-CommunityTests.xctest */ = {isa = PBXFileReference; explicitFileType = wrapper.cfbundle; includeInIndex = 0; path = "ZX-CommunityTests.xctest"; sourceTree = BUILT_PRODUCTS_DIR; };
		8A456C5828F53DD1006CD67F /* ZX_CommunityTests.swift */ = {isa = PBXFileReference; lastKnownFileType = sourcecode.swift; path = ZX_CommunityTests.swift; sourceTree = "<group>"; };
		8A456C5E28F53DD1006CD67F /* ZX-CommunityUITests.xctest */ = {isa = PBXFileReference; explicitFileType = wrapper.cfbundle; includeInIndex = 0; path = "ZX-CommunityUITests.xctest"; sourceTree = BUILT_PRODUCTS_DIR; };
		8A456C6228F53DD1006CD67F /* ZX_CommunityUITests.swift */ = {isa = PBXFileReference; lastKnownFileType = sourcecode.swift; path = ZX_CommunityUITests.swift; sourceTree = "<group>"; };
		8A456C6428F53DD1006CD67F /* ZX_CommunityUITestsLaunchTests.swift */ = {isa = PBXFileReference; lastKnownFileType = sourcecode.swift; path = ZX_CommunityUITestsLaunchTests.swift; sourceTree = "<group>"; };
		8A456C7128F5456F006CD67F /* Leah.storyboard */ = {isa = PBXFileReference; lastKnownFileType = file.storyboard; path = Leah.storyboard; sourceTree = "<group>"; };
		8A456C7328F54577006CD67F /* Eric.storyboard */ = {isa = PBXFileReference; lastKnownFileType = file.storyboard; path = Eric.storyboard; sourceTree = "<group>"; };
		8A456C7528F5457E006CD67F /* Jun.storyboard */ = {isa = PBXFileReference; lastKnownFileType = file.storyboard; path = Jun.storyboard; sourceTree = "<group>"; };
		8A456C7C28F549BA006CD67F /* CommunityMainViewController.swift */ = {isa = PBXFileReference; lastKnownFileType = sourcecode.swift; path = CommunityMainViewController.swift; sourceTree = "<group>"; };
		8AC40296292798A30004A250 /* LoginViewController.swift */ = {isa = PBXFileReference; lastKnownFileType = sourcecode.swift; path = LoginViewController.swift; sourceTree = "<group>"; };
		8AC40298292798B40004A250 /* HomeViewController.swift */ = {isa = PBXFileReference; lastKnownFileType = sourcecode.swift; path = HomeViewController.swift; sourceTree = "<group>"; };
		9B15F59A69CA0F14BD91B773 /* Pods_ZX_CommunityTests.framework */ = {isa = PBXFileReference; explicitFileType = wrapper.framework; includeInIndex = 0; path = Pods_ZX_CommunityTests.framework; sourceTree = BUILT_PRODUCTS_DIR; };
		B3568DA93DE667BBA56C4303 /* Pods_ZX_Community.framework */ = {isa = PBXFileReference; explicitFileType = wrapper.framework; includeInIndex = 0; path = Pods_ZX_Community.framework; sourceTree = BUILT_PRODUCTS_DIR; };
		BD1726CCB58564B75C422F5D /* Pods-ZX-CommunityTests.debug.xcconfig */ = {isa = PBXFileReference; includeInIndex = 1; lastKnownFileType = text.xcconfig; name = "Pods-ZX-CommunityTests.debug.xcconfig"; path = "Target Support Files/Pods-ZX-CommunityTests/Pods-ZX-CommunityTests.debug.xcconfig"; sourceTree = "<group>"; };
		D60EB6B295B3ACC40B27573B /* Pods-ZX-Community-ZX-CommunityUITests.debug.xcconfig */ = {isa = PBXFileReference; includeInIndex = 1; lastKnownFileType = text.xcconfig; name = "Pods-ZX-Community-ZX-CommunityUITests.debug.xcconfig"; path = "Target Support Files/Pods-ZX-Community-ZX-CommunityUITests/Pods-ZX-Community-ZX-CommunityUITests.debug.xcconfig"; sourceTree = "<group>"; };
		E1949B059E93008835C55E50 /* Pods-ZX-Community.release.xcconfig */ = {isa = PBXFileReference; includeInIndex = 1; lastKnownFileType = text.xcconfig; name = "Pods-ZX-Community.release.xcconfig"; path = "Target Support Files/Pods-ZX-Community/Pods-ZX-Community.release.xcconfig"; sourceTree = "<group>"; };
/* End PBXFileReference section */

/* Begin PBXFrameworksBuildPhase section */
		8A456C3828F53DD0006CD67F /* Frameworks */ = {
			isa = PBXFrameworksBuildPhase;
			buildActionMask = 2147483647;
			files = (
				0685A6267D776C34FA6E289B /* Pods_ZX_Community.framework in Frameworks */,
			);
			runOnlyForDeploymentPostprocessing = 0;
		};
		8A456C5128F53DD1006CD67F /* Frameworks */ = {
			isa = PBXFrameworksBuildPhase;
			buildActionMask = 2147483647;
			files = (
				0A3B2EF498B16FFDB9F767ED /* Pods_ZX_CommunityTests.framework in Frameworks */,
			);
			runOnlyForDeploymentPostprocessing = 0;
		};
		8A456C5B28F53DD1006CD67F /* Frameworks */ = {
			isa = PBXFrameworksBuildPhase;
			buildActionMask = 2147483647;
			files = (
				FFAB6701F34E7A3915382446 /* Pods_ZX_Community_ZX_CommunityUITests.framework in Frameworks */,
			);
			runOnlyForDeploymentPostprocessing = 0;
		};
/* End PBXFrameworksBuildPhase section */

/* Begin PBXGroup section */
		46904FF686923BA7728917BF /* Pods */ = {
			isa = PBXGroup;
			children = (
				377CCA99777CFBAB02F61539 /* Pods-ZX-Community.debug.xcconfig */,
				E1949B059E93008835C55E50 /* Pods-ZX-Community.release.xcconfig */,
				D60EB6B295B3ACC40B27573B /* Pods-ZX-Community-ZX-CommunityUITests.debug.xcconfig */,
				3C11A6B927C584213592B06F /* Pods-ZX-Community-ZX-CommunityUITests.release.xcconfig */,
				BD1726CCB58564B75C422F5D /* Pods-ZX-CommunityTests.debug.xcconfig */,
				87EFD74489EB48AF8CE16F0B /* Pods-ZX-CommunityTests.release.xcconfig */,
			);
			path = Pods;
			sourceTree = "<group>";
		};
		8A456C3228F53DD0006CD67F = {
			isa = PBXGroup;
			children = (
				8A456C3D28F53DD0006CD67F /* ZX-Community */,
				8A456C5728F53DD1006CD67F /* ZX-CommunityTests */,
				8A456C6128F53DD1006CD67F /* ZX-CommunityUITests */,
				8A456C3C28F53DD0006CD67F /* Products */,
				46904FF686923BA7728917BF /* Pods */,
				D9FDFB68411B4F122DFAE270 /* Frameworks */,
			);
			sourceTree = "<group>";
		};
		8A456C3C28F53DD0006CD67F /* Products */ = {
			isa = PBXGroup;
			children = (
				8A456C3B28F53DD0006CD67F /* ZX-Community.app */,
				8A456C5428F53DD1006CD67F /* ZX-CommunityTests.xctest */,
				8A456C5E28F53DD1006CD67F /* ZX-CommunityUITests.xctest */,
			);
			name = Products;
			sourceTree = "<group>";
		};
		8A456C3D28F53DD0006CD67F /* ZX-Community */ = {
			isa = PBXGroup;
			children = (
				8A456C7B28F548B7006CD67F /* Domain */,
				8A456C3E28F53DD0006CD67F /* AppDelegate.swift */,
				8A456C4028F53DD0006CD67F /* SceneDelegate.swift */,
				8A456C4228F53DD0006CD67F /* ViewController.swift */,
				8A456C4428F53DD0006CD67F /* Main.storyboard */,
				8A456C7528F5457E006CD67F /* Jun.storyboard */,
				8A456C7328F54577006CD67F /* Eric.storyboard */,
				8A456C7128F5456F006CD67F /* Leah.storyboard */,
				8A456C4A28F53DD1006CD67F /* Assets.xcassets */,
				8A456C4C28F53DD1006CD67F /* LaunchScreen.storyboard */,
				8A456C4F28F53DD1006CD67F /* Info.plist */,
				8A456C4728F53DD0006CD67F /* ZX_Community.xcdatamodeld */,
			);
			path = "ZX-Community";
			sourceTree = "<group>";
		};
		8A456C5728F53DD1006CD67F /* ZX-CommunityTests */ = {
			isa = PBXGroup;
			children = (
				8A456C5828F53DD1006CD67F /* ZX_CommunityTests.swift */,
			);
			path = "ZX-CommunityTests";
			sourceTree = "<group>";
		};
		8A456C6128F53DD1006CD67F /* ZX-CommunityUITests */ = {
			isa = PBXGroup;
			children = (
				8A456C6228F53DD1006CD67F /* ZX_CommunityUITests.swift */,
				8A456C6428F53DD1006CD67F /* ZX_CommunityUITestsLaunchTests.swift */,
			);
			path = "ZX-CommunityUITests";
			sourceTree = "<group>";
		};
		8A456C7728F547DC006CD67F /* Community */ = {
			isa = PBXGroup;
			children = (
				8A456C7C28F549BA006CD67F /* CommunityMainViewController.swift */,
			);
			path = Community;
			sourceTree = "<group>";
		};
		8A456C7828F54814006CD67F /* Login & Register */ = {
			isa = PBXGroup;
			children = (
				8AC40296292798A30004A250 /* LoginViewController.swift */,
			);
			path = "Login & Register";
			sourceTree = "<group>";
		};
		8A456C7928F5483A006CD67F /* Vote */ = {
			isa = PBXGroup;
			children = (
				8AC40298292798B40004A250 /* HomeViewController.swift */,
			);
			path = Vote;
			sourceTree = "<group>";
		};
		8A456C7A28F54856006CD67F /* Detail Posts */ = {
			isa = PBXGroup;
			children = (
			);
			path = "Detail Posts";
			sourceTree = "<group>";
		};
		8A456C7B28F548B7006CD67F /* Domain */ = {
			isa = PBXGroup;
			children = (
				8A456C7828F54814006CD67F /* Login & Register */,
				8A456C7928F5483A006CD67F /* Vote */,
				8A456C7728F547DC006CD67F /* Community */,
				8A456C7A28F54856006CD67F /* Detail Posts */,
			);
			path = Domain;
			sourceTree = "<group>";
		};
		D9FDFB68411B4F122DFAE270 /* Frameworks */ = {
			isa = PBXGroup;
			children = (
				B3568DA93DE667BBA56C4303 /* Pods_ZX_Community.framework */,
				1CCDA4F894055AB938A38C91 /* Pods_ZX_Community_ZX_CommunityUITests.framework */,
				9B15F59A69CA0F14BD91B773 /* Pods_ZX_CommunityTests.framework */,
			);
			name = Frameworks;
			sourceTree = "<group>";
		};
/* End PBXGroup section */

/* Begin PBXNativeTarget section */
		8A456C3A28F53DD0006CD67F /* ZX-Community */ = {
			isa = PBXNativeTarget;
			buildConfigurationList = 8A456C6828F53DD1006CD67F /* Build configuration list for PBXNativeTarget "ZX-Community" */;
			buildPhases = (
				25F235F0B0AE31EC5756730A /* [CP] Check Pods Manifest.lock */,
				8A456C3728F53DD0006CD67F /* Sources */,
				8A456C3828F53DD0006CD67F /* Frameworks */,
				8A456C3928F53DD0006CD67F /* Resources */,
				7CA22893D60B6AC16C683CF9 /* [CP] Embed Pods Frameworks */,
			);
			buildRules = (
			);
			dependencies = (
			);
			name = "ZX-Community";
			productName = "ZX-Community";
			productReference = 8A456C3B28F53DD0006CD67F /* ZX-Community.app */;
			productType = "com.apple.product-type.application";
		};
		8A456C5328F53DD1006CD67F /* ZX-CommunityTests */ = {
			isa = PBXNativeTarget;
			buildConfigurationList = 8A456C6B28F53DD1006CD67F /* Build configuration list for PBXNativeTarget "ZX-CommunityTests" */;
			buildPhases = (
				B514FFD93B59106BB4453C31 /* [CP] Check Pods Manifest.lock */,
				8A456C5028F53DD1006CD67F /* Sources */,
				8A456C5128F53DD1006CD67F /* Frameworks */,
				8A456C5228F53DD1006CD67F /* Resources */,
			);
			buildRules = (
			);
			dependencies = (
				8A456C5628F53DD1006CD67F /* PBXTargetDependency */,
			);
			name = "ZX-CommunityTests";
			productName = "ZX-CommunityTests";
			productReference = 8A456C5428F53DD1006CD67F /* ZX-CommunityTests.xctest */;
			productType = "com.apple.product-type.bundle.unit-test";
		};
		8A456C5D28F53DD1006CD67F /* ZX-CommunityUITests */ = {
			isa = PBXNativeTarget;
			buildConfigurationList = 8A456C6E28F53DD1006CD67F /* Build configuration list for PBXNativeTarget "ZX-CommunityUITests" */;
			buildPhases = (
				BE02703FCF8AD3E7BC732DA3 /* [CP] Check Pods Manifest.lock */,
				8A456C5A28F53DD1006CD67F /* Sources */,
				8A456C5B28F53DD1006CD67F /* Frameworks */,
				8A456C5C28F53DD1006CD67F /* Resources */,
				16735F5074C01FDC87F1A4DE /* [CP] Embed Pods Frameworks */,
			);
			buildRules = (
			);
			dependencies = (
				8A456C6028F53DD1006CD67F /* PBXTargetDependency */,
			);
			name = "ZX-CommunityUITests";
			productName = "ZX-CommunityUITests";
			productReference = 8A456C5E28F53DD1006CD67F /* ZX-CommunityUITests.xctest */;
			productType = "com.apple.product-type.bundle.ui-testing";
		};
/* End PBXNativeTarget section */

/* Begin PBXProject section */
		8A456C3328F53DD0006CD67F /* Project object */ = {
			isa = PBXProject;
			attributes = {
				BuildIndependentTargetsInParallel = 1;
				LastSwiftUpdateCheck = 1300;
				LastUpgradeCheck = 1300;
				TargetAttributes = {
					8A456C3A28F53DD0006CD67F = {
						CreatedOnToolsVersion = 13.0;
					};
					8A456C5328F53DD1006CD67F = {
						CreatedOnToolsVersion = 13.0;
						TestTargetID = 8A456C3A28F53DD0006CD67F;
					};
					8A456C5D28F53DD1006CD67F = {
						CreatedOnToolsVersion = 13.0;
						TestTargetID = 8A456C3A28F53DD0006CD67F;
					};
				};
			};
			buildConfigurationList = 8A456C3628F53DD0006CD67F /* Build configuration list for PBXProject "ZX-Community" */;
			compatibilityVersion = "Xcode 13.0";
			developmentRegion = en;
			hasScannedForEncodings = 0;
			knownRegions = (
				en,
				Base,
			);
			mainGroup = 8A456C3228F53DD0006CD67F;
			productRefGroup = 8A456C3C28F53DD0006CD67F /* Products */;
			projectDirPath = "";
			projectRoot = "";
			targets = (
				8A456C3A28F53DD0006CD67F /* ZX-Community */,
				8A456C5328F53DD1006CD67F /* ZX-CommunityTests */,
				8A456C5D28F53DD1006CD67F /* ZX-CommunityUITests */,
			);
		};
/* End PBXProject section */

/* Begin PBXResourcesBuildPhase section */
		8A456C3928F53DD0006CD67F /* Resources */ = {
			isa = PBXResourcesBuildPhase;
			buildActionMask = 2147483647;
			files = (
				8A456C7228F5456F006CD67F /* Leah.storyboard in Resources */,
				8A456C4E28F53DD1006CD67F /* LaunchScreen.storyboard in Resources */,
				8A456C4B28F53DD1006CD67F /* Assets.xcassets in Resources */,
				8A456C7428F54577006CD67F /* Eric.storyboard in Resources */,
				8A456C7628F5457E006CD67F /* Jun.storyboard in Resources */,
				8A456C4628F53DD0006CD67F /* Main.storyboard in Resources */,
			);
			runOnlyForDeploymentPostprocessing = 0;
		};
		8A456C5228F53DD1006CD67F /* Resources */ = {
			isa = PBXResourcesBuildPhase;
			buildActionMask = 2147483647;
			files = (
			);
			runOnlyForDeploymentPostprocessing = 0;
		};
		8A456C5C28F53DD1006CD67F /* Resources */ = {
			isa = PBXResourcesBuildPhase;
			buildActionMask = 2147483647;
			files = (
			);
			runOnlyForDeploymentPostprocessing = 0;
		};
/* End PBXResourcesBuildPhase section */

/* Begin PBXShellScriptBuildPhase section */
		16735F5074C01FDC87F1A4DE /* [CP] Embed Pods Frameworks */ = {
			isa = PBXShellScriptBuildPhase;
			buildActionMask = 2147483647;
			files = (
			);
			inputFileListPaths = (
				"${PODS_ROOT}/Target Support Files/Pods-ZX-Community-ZX-CommunityUITests/Pods-ZX-Community-ZX-CommunityUITests-frameworks-${CONFIGURATION}-input-files.xcfilelist",
			);
			name = "[CP] Embed Pods Frameworks";
			outputFileListPaths = (
				"${PODS_ROOT}/Target Support Files/Pods-ZX-Community-ZX-CommunityUITests/Pods-ZX-Community-ZX-CommunityUITests-frameworks-${CONFIGURATION}-output-files.xcfilelist",
			);
			runOnlyForDeploymentPostprocessing = 0;
			shellPath = /bin/sh;
			shellScript = "\"${PODS_ROOT}/Target Support Files/Pods-ZX-Community-ZX-CommunityUITests/Pods-ZX-Community-ZX-CommunityUITests-frameworks.sh\"\n";
			showEnvVarsInLog = 0;
		};
		25F235F0B0AE31EC5756730A /* [CP] Check Pods Manifest.lock */ = {
			isa = PBXShellScriptBuildPhase;
			buildActionMask = 2147483647;
			files = (
			);
			inputFileListPaths = (
			);
			inputPaths = (
				"${PODS_PODFILE_DIR_PATH}/Podfile.lock",
				"${PODS_ROOT}/Manifest.lock",
			);
			name = "[CP] Check Pods Manifest.lock";
			outputFileListPaths = (
			);
			outputPaths = (
				"$(DERIVED_FILE_DIR)/Pods-ZX-Community-checkManifestLockResult.txt",
			);
			runOnlyForDeploymentPostprocessing = 0;
			shellPath = /bin/sh;
			shellScript = "diff \"${PODS_PODFILE_DIR_PATH}/Podfile.lock\" \"${PODS_ROOT}/Manifest.lock\" > /dev/null\nif [ $? != 0 ] ; then\n    # print error to STDERR\n    echo \"error: The sandbox is not in sync with the Podfile.lock. Run 'pod install' or update your CocoaPods installation.\" >&2\n    exit 1\nfi\n# This output is used by Xcode 'outputs' to avoid re-running this script phase.\necho \"SUCCESS\" > \"${SCRIPT_OUTPUT_FILE_0}\"\n";
			showEnvVarsInLog = 0;
		};
		7CA22893D60B6AC16C683CF9 /* [CP] Embed Pods Frameworks */ = {
			isa = PBXShellScriptBuildPhase;
			buildActionMask = 2147483647;
			files = (
			);
			inputFileListPaths = (
				"${PODS_ROOT}/Target Support Files/Pods-ZX-Community/Pods-ZX-Community-frameworks-${CONFIGURATION}-input-files.xcfilelist",
			);
			name = "[CP] Embed Pods Frameworks";
			outputFileListPaths = (
				"${PODS_ROOT}/Target Support Files/Pods-ZX-Community/Pods-ZX-Community-frameworks-${CONFIGURATION}-output-files.xcfilelist",
			);
			runOnlyForDeploymentPostprocessing = 0;
			shellPath = /bin/sh;
			shellScript = "\"${PODS_ROOT}/Target Support Files/Pods-ZX-Community/Pods-ZX-Community-frameworks.sh\"\n";
			showEnvVarsInLog = 0;
		};
		B514FFD93B59106BB4453C31 /* [CP] Check Pods Manifest.lock */ = {
			isa = PBXShellScriptBuildPhase;
			buildActionMask = 2147483647;
			files = (
			);
			inputFileListPaths = (
			);
			inputPaths = (
				"${PODS_PODFILE_DIR_PATH}/Podfile.lock",
				"${PODS_ROOT}/Manifest.lock",
			);
			name = "[CP] Check Pods Manifest.lock";
			outputFileListPaths = (
			);
			outputPaths = (
				"$(DERIVED_FILE_DIR)/Pods-ZX-CommunityTests-checkManifestLockResult.txt",
			);
			runOnlyForDeploymentPostprocessing = 0;
			shellPath = /bin/sh;
			shellScript = "diff \"${PODS_PODFILE_DIR_PATH}/Podfile.lock\" \"${PODS_ROOT}/Manifest.lock\" > /dev/null\nif [ $? != 0 ] ; then\n    # print error to STDERR\n    echo \"error: The sandbox is not in sync with the Podfile.lock. Run 'pod install' or update your CocoaPods installation.\" >&2\n    exit 1\nfi\n# This output is used by Xcode 'outputs' to avoid re-running this script phase.\necho \"SUCCESS\" > \"${SCRIPT_OUTPUT_FILE_0}\"\n";
			showEnvVarsInLog = 0;
		};
		BE02703FCF8AD3E7BC732DA3 /* [CP] Check Pods Manifest.lock */ = {
			isa = PBXShellScriptBuildPhase;
			buildActionMask = 2147483647;
			files = (
			);
			inputFileListPaths = (
			);
			inputPaths = (
				"${PODS_PODFILE_DIR_PATH}/Podfile.lock",
				"${PODS_ROOT}/Manifest.lock",
			);
			name = "[CP] Check Pods Manifest.lock";
			outputFileListPaths = (
			);
			outputPaths = (
				"$(DERIVED_FILE_DIR)/Pods-ZX-Community-ZX-CommunityUITests-checkManifestLockResult.txt",
			);
			runOnlyForDeploymentPostprocessing = 0;
			shellPath = /bin/sh;
			shellScript = "diff \"${PODS_PODFILE_DIR_PATH}/Podfile.lock\" \"${PODS_ROOT}/Manifest.lock\" > /dev/null\nif [ $? != 0 ] ; then\n    # print error to STDERR\n    echo \"error: The sandbox is not in sync with the Podfile.lock. Run 'pod install' or update your CocoaPods installation.\" >&2\n    exit 1\nfi\n# This output is used by Xcode 'outputs' to avoid re-running this script phase.\necho \"SUCCESS\" > \"${SCRIPT_OUTPUT_FILE_0}\"\n";
			showEnvVarsInLog = 0;
		};
/* End PBXShellScriptBuildPhase section */

/* Begin PBXSourcesBuildPhase section */
		8A456C3728F53DD0006CD67F /* Sources */ = {
			isa = PBXSourcesBuildPhase;
			buildActionMask = 2147483647;
			files = (
				8AC40297292798A30004A250 /* LoginViewController.swift in Sources */,
				8A456C4328F53DD0006CD67F /* ViewController.swift in Sources */,
				8A456C3F28F53DD0006CD67F /* AppDelegate.swift in Sources */,
				8A456C4128F53DD0006CD67F /* SceneDelegate.swift in Sources */,
				8A456C7D28F549BA006CD67F /* CommunityMainViewController.swift in Sources */,
				8AC40299292798B40004A250 /* HomeViewController.swift in Sources */,
				8A456C4928F53DD0006CD67F /* ZX_Community.xcdatamodeld in Sources */,
			);
			runOnlyForDeploymentPostprocessing = 0;
		};
		8A456C5028F53DD1006CD67F /* Sources */ = {
			isa = PBXSourcesBuildPhase;
			buildActionMask = 2147483647;
			files = (
				8A456C5928F53DD1006CD67F /* ZX_CommunityTests.swift in Sources */,
			);
			runOnlyForDeploymentPostprocessing = 0;
		};
		8A456C5A28F53DD1006CD67F /* Sources */ = {
			isa = PBXSourcesBuildPhase;
			buildActionMask = 2147483647;
			files = (
				8A456C6528F53DD1006CD67F /* ZX_CommunityUITestsLaunchTests.swift in Sources */,
				8A456C6328F53DD1006CD67F /* ZX_CommunityUITests.swift in Sources */,
			);
			runOnlyForDeploymentPostprocessing = 0;
		};
/* End PBXSourcesBuildPhase section */

/* Begin PBXTargetDependency section */
		8A456C5628F53DD1006CD67F /* PBXTargetDependency */ = {
			isa = PBXTargetDependency;
			target = 8A456C3A28F53DD0006CD67F /* ZX-Community */;
			targetProxy = 8A456C5528F53DD1006CD67F /* PBXContainerItemProxy */;
		};
		8A456C6028F53DD1006CD67F /* PBXTargetDependency */ = {
			isa = PBXTargetDependency;
			target = 8A456C3A28F53DD0006CD67F /* ZX-Community */;
			targetProxy = 8A456C5F28F53DD1006CD67F /* PBXContainerItemProxy */;
		};
/* End PBXTargetDependency section */

/* Begin PBXVariantGroup section */
		8A456C4428F53DD0006CD67F /* Main.storyboard */ = {
			isa = PBXVariantGroup;
			children = (
				8A456C4528F53DD0006CD67F /* Base */,
			);
			name = Main.storyboard;
			sourceTree = "<group>";
		};
		8A456C4C28F53DD1006CD67F /* LaunchScreen.storyboard */ = {
			isa = PBXVariantGroup;
			children = (
				8A456C4D28F53DD1006CD67F /* Base */,
			);
			name = LaunchScreen.storyboard;
			sourceTree = "<group>";
		};
/* End PBXVariantGroup section */

/* Begin XCBuildConfiguration section */
		8A456C6628F53DD1006CD67F /* Debug */ = {
			isa = XCBuildConfiguration;
			buildSettings = {
				ALWAYS_SEARCH_USER_PATHS = NO;
				CLANG_ANALYZER_NONNULL = YES;
				CLANG_ANALYZER_NUMBER_OBJECT_CONVERSION = YES_AGGRESSIVE;
				CLANG_CXX_LANGUAGE_STANDARD = "gnu++17";
				CLANG_CXX_LIBRARY = "libc++";
				CLANG_ENABLE_MODULES = YES;
				CLANG_ENABLE_OBJC_ARC = YES;
				CLANG_ENABLE_OBJC_WEAK = YES;
				CLANG_WARN_BLOCK_CAPTURE_AUTORELEASING = YES;
				CLANG_WARN_BOOL_CONVERSION = YES;
				CLANG_WARN_COMMA = YES;
				CLANG_WARN_CONSTANT_CONVERSION = YES;
				CLANG_WARN_DEPRECATED_OBJC_IMPLEMENTATIONS = YES;
				CLANG_WARN_DIRECT_OBJC_ISA_USAGE = YES_ERROR;
				CLANG_WARN_DOCUMENTATION_COMMENTS = YES;
				CLANG_WARN_EMPTY_BODY = YES;
				CLANG_WARN_ENUM_CONVERSION = YES;
				CLANG_WARN_INFINITE_RECURSION = YES;
				CLANG_WARN_INT_CONVERSION = YES;
				CLANG_WARN_NON_LITERAL_NULL_CONVERSION = YES;
				CLANG_WARN_OBJC_IMPLICIT_RETAIN_SELF = YES;
				CLANG_WARN_OBJC_LITERAL_CONVERSION = YES;
				CLANG_WARN_OBJC_ROOT_CLASS = YES_ERROR;
				CLANG_WARN_QUOTED_INCLUDE_IN_FRAMEWORK_HEADER = YES;
				CLANG_WARN_RANGE_LOOP_ANALYSIS = YES;
				CLANG_WARN_STRICT_PROTOTYPES = YES;
				CLANG_WARN_SUSPICIOUS_MOVE = YES;
				CLANG_WARN_UNGUARDED_AVAILABILITY = YES_AGGRESSIVE;
				CLANG_WARN_UNREACHABLE_CODE = YES;
				CLANG_WARN__DUPLICATE_METHOD_MATCH = YES;
				COPY_PHASE_STRIP = NO;
				DEBUG_INFORMATION_FORMAT = dwarf;
				ENABLE_STRICT_OBJC_MSGSEND = YES;
				ENABLE_TESTABILITY = YES;
				GCC_C_LANGUAGE_STANDARD = gnu11;
				GCC_DYNAMIC_NO_PIC = NO;
				GCC_NO_COMMON_BLOCKS = YES;
				GCC_OPTIMIZATION_LEVEL = 0;
				GCC_PREPROCESSOR_DEFINITIONS = (
					"DEBUG=1",
					"$(inherited)",
				);
				GCC_WARN_64_TO_32_BIT_CONVERSION = YES;
				GCC_WARN_ABOUT_RETURN_TYPE = YES_ERROR;
				GCC_WARN_UNDECLARED_SELECTOR = YES;
				GCC_WARN_UNINITIALIZED_AUTOS = YES_AGGRESSIVE;
				GCC_WARN_UNUSED_FUNCTION = YES;
				GCC_WARN_UNUSED_VARIABLE = YES;
				IPHONEOS_DEPLOYMENT_TARGET = 15.0;
				MTL_ENABLE_DEBUG_INFO = INCLUDE_SOURCE;
				MTL_FAST_MATH = YES;
				ONLY_ACTIVE_ARCH = YES;
				SDKROOT = iphoneos;
				SWIFT_ACTIVE_COMPILATION_CONDITIONS = DEBUG;
				SWIFT_OPTIMIZATION_LEVEL = "-Onone";
			};
			name = Debug;
		};
		8A456C6728F53DD1006CD67F /* Release */ = {
			isa = XCBuildConfiguration;
			buildSettings = {
				ALWAYS_SEARCH_USER_PATHS = NO;
				CLANG_ANALYZER_NONNULL = YES;
				CLANG_ANALYZER_NUMBER_OBJECT_CONVERSION = YES_AGGRESSIVE;
				CLANG_CXX_LANGUAGE_STANDARD = "gnu++17";
				CLANG_CXX_LIBRARY = "libc++";
				CLANG_ENABLE_MODULES = YES;
				CLANG_ENABLE_OBJC_ARC = YES;
				CLANG_ENABLE_OBJC_WEAK = YES;
				CLANG_WARN_BLOCK_CAPTURE_AUTORELEASING = YES;
				CLANG_WARN_BOOL_CONVERSION = YES;
				CLANG_WARN_COMMA = YES;
				CLANG_WARN_CONSTANT_CONVERSION = YES;
				CLANG_WARN_DEPRECATED_OBJC_IMPLEMENTATIONS = YES;
				CLANG_WARN_DIRECT_OBJC_ISA_USAGE = YES_ERROR;
				CLANG_WARN_DOCUMENTATION_COMMENTS = YES;
				CLANG_WARN_EMPTY_BODY = YES;
				CLANG_WARN_ENUM_CONVERSION = YES;
				CLANG_WARN_INFINITE_RECURSION = YES;
				CLANG_WARN_INT_CONVERSION = YES;
				CLANG_WARN_NON_LITERAL_NULL_CONVERSION = YES;
				CLANG_WARN_OBJC_IMPLICIT_RETAIN_SELF = YES;
				CLANG_WARN_OBJC_LITERAL_CONVERSION = YES;
				CLANG_WARN_OBJC_ROOT_CLASS = YES_ERROR;
				CLANG_WARN_QUOTED_INCLUDE_IN_FRAMEWORK_HEADER = YES;
				CLANG_WARN_RANGE_LOOP_ANALYSIS = YES;
				CLANG_WARN_STRICT_PROTOTYPES = YES;
				CLANG_WARN_SUSPICIOUS_MOVE = YES;
				CLANG_WARN_UNGUARDED_AVAILABILITY = YES_AGGRESSIVE;
				CLANG_WARN_UNREACHABLE_CODE = YES;
				CLANG_WARN__DUPLICATE_METHOD_MATCH = YES;
				COPY_PHASE_STRIP = NO;
				DEBUG_INFORMATION_FORMAT = "dwarf-with-dsym";
				ENABLE_NS_ASSERTIONS = NO;
				ENABLE_STRICT_OBJC_MSGSEND = YES;
				GCC_C_LANGUAGE_STANDARD = gnu11;
				GCC_NO_COMMON_BLOCKS = YES;
				GCC_WARN_64_TO_32_BIT_CONVERSION = YES;
				GCC_WARN_ABOUT_RETURN_TYPE = YES_ERROR;
				GCC_WARN_UNDECLARED_SELECTOR = YES;
				GCC_WARN_UNINITIALIZED_AUTOS = YES_AGGRESSIVE;
				GCC_WARN_UNUSED_FUNCTION = YES;
				GCC_WARN_UNUSED_VARIABLE = YES;
				IPHONEOS_DEPLOYMENT_TARGET = 15.0;
				MTL_ENABLE_DEBUG_INFO = NO;
				MTL_FAST_MATH = YES;
				SDKROOT = iphoneos;
				SWIFT_COMPILATION_MODE = wholemodule;
				SWIFT_OPTIMIZATION_LEVEL = "-O";
				VALIDATE_PRODUCT = YES;
			};
			name = Release;
		};
		8A456C6928F53DD1006CD67F /* Debug */ = {
			isa = XCBuildConfiguration;
			baseConfigurationReference = 377CCA99777CFBAB02F61539 /* Pods-ZX-Community.debug.xcconfig */;
			buildSettings = {
				ASSETCATALOG_COMPILER_APPICON_NAME = AppIcon;
				ASSETCATALOG_COMPILER_GLOBAL_ACCENT_COLOR_NAME = AccentColor;
				CODE_SIGN_STYLE = Automatic;
				CURRENT_PROJECT_VERSION = 1;
				DEVELOPMENT_TEAM = VT34K852T5;
				GENERATE_INFOPLIST_FILE = YES;
				INFOPLIST_FILE = "ZX-Community/Info.plist";
				INFOPLIST_KEY_UIApplicationSupportsIndirectInputEvents = YES;
				INFOPLIST_KEY_UILaunchStoryboardName = LaunchScreen;
				INFOPLIST_KEY_UIMainStoryboardFile = Main;
				INFOPLIST_KEY_UISupportedInterfaceOrientations_iPad = "UIInterfaceOrientationPortrait UIInterfaceOrientationPortraitUpsideDown UIInterfaceOrientationLandscapeLeft UIInterfaceOrientationLandscapeRight";
				INFOPLIST_KEY_UISupportedInterfaceOrientations_iPhone = "UIInterfaceOrientationPortrait UIInterfaceOrientationLandscapeLeft UIInterfaceOrientationLandscapeRight";
				LD_RUNPATH_SEARCH_PATHS = (
					"$(inherited)",
					"@executable_path/Frameworks",
				);
				MARKETING_VERSION = 1.0;
				PRODUCT_BUNDLE_IDENTIFIER = "com..ZX-Community";
				PRODUCT_NAME = "$(TARGET_NAME)";
				SWIFT_EMIT_LOC_STRINGS = YES;
				SWIFT_VERSION = 5.0;
				TARGETED_DEVICE_FAMILY = "1,2";
			};
			name = Debug;
		};
		8A456C6A28F53DD1006CD67F /* Release */ = {
			isa = XCBuildConfiguration;
			baseConfigurationReference = E1949B059E93008835C55E50 /* Pods-ZX-Community.release.xcconfig */;
			buildSettings = {
				ASSETCATALOG_COMPILER_APPICON_NAME = AppIcon;
				ASSETCATALOG_COMPILER_GLOBAL_ACCENT_COLOR_NAME = AccentColor;
				CODE_SIGN_STYLE = Automatic;
				CURRENT_PROJECT_VERSION = 1;
				DEVELOPMENT_TEAM = VT34K852T5;
				GENERATE_INFOPLIST_FILE = YES;
				INFOPLIST_FILE = "ZX-Community/Info.plist";
				INFOPLIST_KEY_UIApplicationSupportsIndirectInputEvents = YES;
				INFOPLIST_KEY_UILaunchStoryboardName = LaunchScreen;
				INFOPLIST_KEY_UIMainStoryboardFile = Main;
				INFOPLIST_KEY_UISupportedInterfaceOrientations_iPad = "UIInterfaceOrientationPortrait UIInterfaceOrientationPortraitUpsideDown UIInterfaceOrientationLandscapeLeft UIInterfaceOrientationLandscapeRight";
				INFOPLIST_KEY_UISupportedInterfaceOrientations_iPhone = "UIInterfaceOrientationPortrait UIInterfaceOrientationLandscapeLeft UIInterfaceOrientationLandscapeRight";
				LD_RUNPATH_SEARCH_PATHS = (
					"$(inherited)",
					"@executable_path/Frameworks",
				);
				MARKETING_VERSION = 1.0;
				PRODUCT_BUNDLE_IDENTIFIER = "com..ZX-Community";
				PRODUCT_NAME = "$(TARGET_NAME)";
				SWIFT_EMIT_LOC_STRINGS = YES;
				SWIFT_VERSION = 5.0;
				TARGETED_DEVICE_FAMILY = "1,2";
			};
			name = Release;
		};
		8A456C6C28F53DD1006CD67F /* Debug */ = {
			isa = XCBuildConfiguration;
			baseConfigurationReference = BD1726CCB58564B75C422F5D /* Pods-ZX-CommunityTests.debug.xcconfig */;
			buildSettings = {
				ALWAYS_EMBED_SWIFT_STANDARD_LIBRARIES = YES;
				BUNDLE_LOADER = "$(TEST_HOST)";
				CODE_SIGN_STYLE = Automatic;
				CURRENT_PROJECT_VERSION = 1;
				DEVELOPMENT_TEAM = VT34K852T5;
				GENERATE_INFOPLIST_FILE = YES;
				IPHONEOS_DEPLOYMENT_TARGET = 15.0;
				LD_RUNPATH_SEARCH_PATHS = (
					"$(inherited)",
					"@executable_path/Frameworks",
					"@loader_path/Frameworks",
				);
				MARKETING_VERSION = 1.0;
				PRODUCT_BUNDLE_IDENTIFIER = "com..ZX-CommunityTests";
				PRODUCT_NAME = "$(TARGET_NAME)";
				SWIFT_EMIT_LOC_STRINGS = NO;
				SWIFT_VERSION = 5.0;
				TARGETED_DEVICE_FAMILY = "1,2";
				TEST_HOST = "$(BUILT_PRODUCTS_DIR)/ZX-Community.app/ZX-Community";
			};
			name = Debug;
		};
		8A456C6D28F53DD1006CD67F /* Release */ = {
			isa = XCBuildConfiguration;
			baseConfigurationReference = 87EFD74489EB48AF8CE16F0B /* Pods-ZX-CommunityTests.release.xcconfig */;
			buildSettings = {
				ALWAYS_EMBED_SWIFT_STANDARD_LIBRARIES = YES;
				BUNDLE_LOADER = "$(TEST_HOST)";
				CODE_SIGN_STYLE = Automatic;
				CURRENT_PROJECT_VERSION = 1;
				DEVELOPMENT_TEAM = VT34K852T5;
				GENERATE_INFOPLIST_FILE = YES;
				IPHONEOS_DEPLOYMENT_TARGET = 15.0;
				LD_RUNPATH_SEARCH_PATHS = (
					"$(inherited)",
					"@executable_path/Frameworks",
					"@loader_path/Frameworks",
				);
				MARKETING_VERSION = 1.0;
				PRODUCT_BUNDLE_IDENTIFIER = "com..ZX-CommunityTests";
				PRODUCT_NAME = "$(TARGET_NAME)";
				SWIFT_EMIT_LOC_STRINGS = NO;
				SWIFT_VERSION = 5.0;
				TARGETED_DEVICE_FAMILY = "1,2";
				TEST_HOST = "$(BUILT_PRODUCTS_DIR)/ZX-Community.app/ZX-Community";
			};
			name = Release;
		};
		8A456C6F28F53DD1006CD67F /* Debug */ = {
			isa = XCBuildConfiguration;
			baseConfigurationReference = D60EB6B295B3ACC40B27573B /* Pods-ZX-Community-ZX-CommunityUITests.debug.xcconfig */;
			buildSettings = {
				ALWAYS_EMBED_SWIFT_STANDARD_LIBRARIES = YES;
				CODE_SIGN_STYLE = Automatic;
				CURRENT_PROJECT_VERSION = 1;
				DEVELOPMENT_TEAM = VT34K852T5;
				GENERATE_INFOPLIST_FILE = YES;
				LD_RUNPATH_SEARCH_PATHS = (
					"$(inherited)",
					"@executable_path/Frameworks",
					"@loader_path/Frameworks",
				);
				MARKETING_VERSION = 1.0;
				PRODUCT_BUNDLE_IDENTIFIER = "com..ZX-CommunityUITests";
				PRODUCT_NAME = "$(TARGET_NAME)";
				SWIFT_EMIT_LOC_STRINGS = NO;
				SWIFT_VERSION = 5.0;
				TARGETED_DEVICE_FAMILY = "1,2";
				TEST_TARGET_NAME = "ZX-Community";
			};
			name = Debug;
		};
		8A456C7028F53DD1006CD67F /* Release */ = {
			isa = XCBuildConfiguration;
			baseConfigurationReference = 3C11A6B927C584213592B06F /* Pods-ZX-Community-ZX-CommunityUITests.release.xcconfig */;
			buildSettings = {
				ALWAYS_EMBED_SWIFT_STANDARD_LIBRARIES = YES;
				CODE_SIGN_STYLE = Automatic;
				CURRENT_PROJECT_VERSION = 1;
				DEVELOPMENT_TEAM = VT34K852T5;
				GENERATE_INFOPLIST_FILE = YES;
				LD_RUNPATH_SEARCH_PATHS = (
					"$(inherited)",
					"@executable_path/Frameworks",
					"@loader_path/Frameworks",
				);
				MARKETING_VERSION = 1.0;
				PRODUCT_BUNDLE_IDENTIFIER = "com..ZX-CommunityUITests";
				PRODUCT_NAME = "$(TARGET_NAME)";
				SWIFT_EMIT_LOC_STRINGS = NO;
				SWIFT_VERSION = 5.0;
				TARGETED_DEVICE_FAMILY = "1,2";
				TEST_TARGET_NAME = "ZX-Community";
			};
			name = Release;
		};
/* End XCBuildConfiguration section */

/* Begin XCConfigurationList section */
		8A456C3628F53DD0006CD67F /* Build configuration list for PBXProject "ZX-Community" */ = {
			isa = XCConfigurationList;
			buildConfigurations = (
				8A456C6628F53DD1006CD67F /* Debug */,
				8A456C6728F53DD1006CD67F /* Release */,
			);
			defaultConfigurationIsVisible = 0;
			defaultConfigurationName = Release;
		};
		8A456C6828F53DD1006CD67F /* Build configuration list for PBXNativeTarget "ZX-Community" */ = {
			isa = XCConfigurationList;
			buildConfigurations = (
				8A456C6928F53DD1006CD67F /* Debug */,
				8A456C6A28F53DD1006CD67F /* Release */,
			);
			defaultConfigurationIsVisible = 0;
			defaultConfigurationName = Release;
		};
		8A456C6B28F53DD1006CD67F /* Build configuration list for PBXNativeTarget "ZX-CommunityTests" */ = {
			isa = XCConfigurationList;
			buildConfigurations = (
				8A456C6C28F53DD1006CD67F /* Debug */,
				8A456C6D28F53DD1006CD67F /* Release */,
			);
			defaultConfigurationIsVisible = 0;
			defaultConfigurationName = Release;
		};
		8A456C6E28F53DD1006CD67F /* Build configuration list for PBXNativeTarget "ZX-CommunityUITests" */ = {
			isa = XCConfigurationList;
			buildConfigurations = (
				8A456C6F28F53DD1006CD67F /* Debug */,
				8A456C7028F53DD1006CD67F /* Release */,
			);
			defaultConfigurationIsVisible = 0;
			defaultConfigurationName = Release;
		};
/* End XCConfigurationList section */

/* Begin XCVersionGroup section */
		8A456C4728F53DD0006CD67F /* ZX_Community.xcdatamodeld */ = {
			isa = XCVersionGroup;
			children = (
				8A456C4828F53DD0006CD67F /* ZX_Community.xcdatamodel */,
			);
			currentVersion = 8A456C4828F53DD0006CD67F /* ZX_Community.xcdatamodel */;
			path = ZX_Community.xcdatamodeld;
			sourceTree = "<group>";
			versionGroupType = wrapper.xcdatamodel;
		};
/* End XCVersionGroup section */
	};
	rootObject = 8A456C3328F53DD0006CD67F /* Project object */;
}
